
Microsoft Visual Studio Solution File, Format Version 12.00
# Visual Studio Version 17
VisualStudioVersion = 17.1.32328.378
MinimumVisualStudioVersion = 10.0.40219.1
Project("{FAE04EC0-301F-11D3-BF4B-00C04F79EFBC}") = "TaskManager", "TaskManager\TaskManager.csproj", "{D3ADED6B-0366-44DA-9A95-1D1AB5795E2A}"
EndProject
Global
	GlobalSection(SolutionConfigurationPlatforms) = preSolution
		Debug|Any CPU = Debug|Any CPU
		Release|Any CPU = Release|Any CPU
	EndGlobalSection
	GlobalSection(ProjectConfigurationPlatforms) = postSolution
		{D3ADED6B-0366-44DA-9A95-1D1AB5795E2A}.Debug|Any CPU.ActiveCfg = Debug|Any CPU
		{D3ADED6B-0366-44DA-9A95-1D1AB5795E2A}.Debug|Any CPU.Build.0 = Debug|Any CPU
		{D3ADED6B-0366-44DA-9A95-1D1AB5795E2A}.Release|Any CPU.ActiveCfg = Release|Any CPU
		{D3ADED6B-0366-44DA-9A95-1D1AB5795E2A}.Release|Any CPU.Build.0 = Release|Any CPU
	EndGlobalSection
	GlobalSection(SolutionProperties) = preSolution
		HideSolutionNode = FALSE
	EndGlobalSection
	GlobalSection(ExtensibilityGlobals) = postSolution
		SolutionGuid = {7743D8C1-E452-47BD-A8BB-F7B0F1F28159}
	EndGlobalSection
EndGlobal
